
Microsoft Visual Studio Solution File, Format Version 12.00
# Visual Studio 14
VisualStudioVersion = 14.0.24720.0
MinimumVisualStudioVersion = 10.0.40219.1
Project("{FAE04EC0-301F-11D3-BF4B-00C04F79EFBC}") = "Assignmnet4", "Assignmnet4\Assignmnet4.csproj", "{7C943486-69FC-4906-B34A-F4BC00E99C0C}"
EndProject
Global
	GlobalSection(SolutionConfigurationPlatforms) = preSolution
		Debug|Any CPU = Debug|Any CPU
		Release|Any CPU = Release|Any CPU
	EndGlobalSection
	GlobalSection(ProjectConfigurationPlatforms) = postSolution
		{7C943486-69FC-4906-B34A-F4BC00E99C0C}.Debug|Any CPU.ActiveCfg = Debug|Any CPU
		{7C943486-69FC-4906-B34A-F4BC00E99C0C}.Debug|Any CPU.Build.0 = Debug|Any CPU
		{7C943486-69FC-4906-B34A-F4BC00E99C0C}.Release|Any CPU.ActiveCfg = Release|Any CPU
		{7C943486-69FC-4906-B34A-F4BC00E99C0C}.Release|Any CPU.Build.0 = Release|Any CPU
	EndGlobalSection
	GlobalSection(SolutionProperties) = preSolution
		HideSolutionNode = FALSE
	EndGlobalSection
EndGlobal
